<?xml version="1.0" encoding="utf-8"?>
<Project ToolsVersion="4.0" xmlns="http://schemas.microsoft.com/developer/msbuild/2003">
  <ItemGroup>
    <Filter Include="Source Files">
      <UniqueIdentifier>{4FC737F1-C7A5-4376-A066-2A32D752A2FF}</UniqueIdentifier>
      <Extensions>cpp;c;cc;cxx;def;odl;idl;hpj;bat;asm;asmx</Extensions>
    </Filter>
    <Filter Include="Header Files">
      <UniqueIdentifier>{93995380-89BD-4b04-88EB-625FBE52EBFB}</UniqueIdentifier>
      <Extensions>h;hh;hpp;hxx;hm;inl;inc;ipp;xsd</Extensions>
    </Filter>
    <Filter Include="Resource Files">
      <UniqueIdentifier>{67DA6AB6-F800-4c08-8B7A-83BB121AAD01}</UniqueIdentifier>
      <Extensions>rc;ico;cur;bmp;dlg;rc2;rct;bin;rgs;gif;jpg;jpeg;jpe;resx;tiff;tif;png;wav;mfcribbon-ms</Extensions>
    </Filter>
  </ItemGroup>
  <ItemGroup>
    <ClCompile Include="src\maf\logging\ConsoleLogger.cpp">
      <Filter>Source Files</Filter>
    </ClCompile>
    <ClCompile Include="src\maf\logging\LoggingComponent.cpp">
      <Filter>Source Files</Filter>
    </ClCompile>
    <ClCompile Include="src\maf\messaging\client-server\ipc\BytesCommunicator.cpp">
      <Filter>Source Files</Filter>
    </ClCompile>
    <ClCompile Include="src\maf\messaging\client-server\ipc\IPCClientBase.cpp">
      <Filter>Source Files</Filter>
    </ClCompile>
    <ClCompile Include="src\maf\messaging\client-server\ipc\IPCFactory.cpp">
      <Filter>Source Files</Filter>
    </ClCompile>
    <ClCompile Include="src\maf\messaging\client-server\ipc\IPCMessage.cpp">
      <Filter>Source Files</Filter>
    </ClCompile>
    <ClCompile Include="src\maf\messaging\client-server\ipc\IPCReceiver.cpp">
      <Filter>Source Files</Filter>
    </ClCompile>
    <ClCompile Include="src\maf\messaging\client-server\ipc\IPCServerBase.cpp">
      <Filter>Source Files</Filter>
    </ClCompile>
    <ClCompile Include="src\maf\messaging\client-server\ipc\LocalIPCReceiver.cpp">
      <Filter>Source Files</Filter>
    </ClCompile>
    <ClCompile Include="src\maf\messaging\client-server\ipc\LocalIPCSender.cpp">
      <Filter>Source Files</Filter>
    </ClCompile>
    <ClCompile Include="src\maf\messaging\client-server\Address.cpp">
      <Filter>Source Files</Filter>
    </ClCompile>
    <ClCompile Include="src\maf\messaging\client-server\ClientBase.cpp">
      <Filter>Source Files</Filter>
    </ClCompile>
    <ClCompile Include="src\maf\messaging\client-server\CSMessage.cpp">
      <Filter>Source Files</Filter>
    </ClCompile>
    <ClCompile Include="src\maf\messaging\client-server\IAMessageRouter.cpp">
      <Filter>Source Files</Filter>
    </ClCompile>
    <ClCompile Include="src\maf\messaging\client-server\RequestKeeper.cpp">
      <Filter>Source Files</Filter>
    </ClCompile>
    <ClCompile Include="src\maf\messaging\client-server\ServerBase.cpp">
      <Filter>Source Files</Filter>
    </ClCompile>
    <ClCompile Include="src\maf\messaging\client-server\ServiceProxyBase.cpp">
      <Filter>Source Files</Filter>
    </ClCompile>
    <ClCompile Include="src\maf\messaging\client-server\ServiceStubBase.cpp">
      <Filter>Source Files</Filter>
    </ClCompile>
    <ClCompile Include="src\maf\messaging\Component.cpp">
      <Filter>Source Files</Filter>
    </ClCompile>
    <ClCompile Include="src\maf\messaging\Timer.cpp">
      <Filter>Source Files</Filter>
    </ClCompile>
    <ClCompile Include="src\maf\threading\threadpool\DynamicCountThreadPool.cpp">
      <Filter>Source Files</Filter>
    </ClCompile>
    <ClCompile Include="src\maf\threading\threadpool\PriorityThreadPool.cpp">
      <Filter>Source Files</Filter>
    </ClCompile>
    <ClCompile Include="src\maf\threading\threadpool\StableThreadPool.cpp">
      <Filter>Source Files</Filter>
    </ClCompile>
    <ClCompile Include="src\maf\threading\threadpool\ThreadPoolFactory.cpp">
      <Filter>Source Files</Filter>
    </ClCompile>
    <ClCompile Include="src\maf\threading\time\TimerManager.cpp">
      <Filter>Source Files</Filter>
    </ClCompile>
    <ClCompile Include="src\maf\threading\time\TimerManagerImpl.cpp">
      <Filter>Source Files</Filter>
    </ClCompile>
    <ClCompile Include="src\maf\threading\time\Waiter.cpp">
      <Filter>Source Files</Filter>
    </ClCompile>
    <ClCompile Include="src\maf\threading\Thread.cpp">
      <Filter>Source Files</Filter>
    </ClCompile>
    <ClCompile Include="src\maf\utils\serialization\Serializer.cpp">
      <Filter>Source Files</Filter>
    </ClCompile>
    <ClCompile Include="src\maf\utils\IDManager.cpp">
      <Filter>Source Files</Filter>
    </ClCompile>
  </ItemGroup>
  <ItemGroup>
    <ClInclude Include="include\maf\logging\ConsoleLogger.h">
      <Filter>Header Files</Filter>
    </ClInclude>
    <ClInclude Include="include\maf\logging\LoggerBase.h">
      <Filter>Header Files</Filter>
    </ClInclude>
    <ClInclude Include="include\maf\logging\LoggerInterface.h">
      <Filter>Header Files</Filter>
    </ClInclude>
    <ClInclude Include="include\maf\logging\LoggingComponent.h">
      <Filter>Header Files</Filter>
    </ClInclude>
    <ClInclude Include="include\maf\messaging\client-server\internal\CSShared.h">
      <Filter>Header Files</Filter>
    </ClInclude>
    <ClInclude Include="include\maf\messaging\client-server\ipc\internal\platforms\linux\LocalIPCSender.h">
      <Filter>Header Files</Filter>
    </ClInclude>
    <ClInclude Include="include\maf\messaging\client-server\ipc\internal\platforms\windows\LocalIPCReceiverImpl.h">
      <Filter>Header Files</Filter>
    </ClInclude>
    <ClInclude Include="include\maf\messaging\client-server\ipc\internal\platforms\windows\LocalIPCSenderImpl.h">
      <Filter>Header Files</Filter>
    </ClInclude>
    <ClInclude Include="include\maf\messaging\client-server\ipc\internal\platforms\windows\NamedPipeReceiverBase.h">
      <Filter>Header Files</Filter>
    </ClInclude>
    <ClInclude Include="include\maf\messaging\client-server\ipc\internal\platforms\windows\NamedPipeSenderBase.h">
      <Filter>Header Files</Filter>
    </ClInclude>
    <ClInclude Include="include\maf\messaging\client-server\ipc\internal\platforms\windows\PipeShared.h">
      <Filter>Header Files</Filter>
    </ClInclude>
    <ClInclude Include="include\maf\messaging\client-server\ipc\internal\LocalIPCReceiver.h">
      <Filter>Header Files</Filter>
    </ClInclude>
    <ClInclude Include="include\maf\messaging\client-server\ipc\internal\LocalIPCSender.h">
      <Filter>Header Files</Filter>
    </ClInclude>
    <ClInclude Include="include\maf\messaging\client-server\ipc\BytesCommunicator.h">
      <Filter>Header Files</Filter>
    </ClInclude>
    <ClInclude Include="include\maf\messaging\client-server\ipc\ClientServerContractMacros.h">
      <Filter>Header Files</Filter>
    </ClInclude>
    <ClInclude Include="include\maf\messaging\client-server\ipc\IPCClientBase.h">
      <Filter>Header Files</Filter>
    </ClInclude>
    <ClInclude Include="include\maf\messaging\client-server\ipc\IPCFactory.h">
      <Filter>Header Files</Filter>
    </ClInclude>
    <ClInclude Include="include\maf\messaging\client-server\ipc\IPCMessage.h">
      <Filter>Header Files</Filter>
    </ClInclude>
    <ClInclude Include="include\maf\messaging\client-server\ipc\IPCMessageTrait.h">
      <Filter>Header Files</Filter>
    </ClInclude>
    <ClInclude Include="include\maf\messaging\client-server\ipc\IPCReceiver.h">
      <Filter>Header Files</Filter>
    </ClInclude>
    <ClInclude Include="include\maf\messaging\client-server\ipc\IPCSender.h">
      <Filter>Header Files</Filter>
    </ClInclude>
    <ClInclude Include="include\maf\messaging\client-server\ipc\IPCServerBase.h">
      <Filter>Header Files</Filter>
    </ClInclude>
    <ClInclude Include="include\maf\messaging\client-server\ipc\IPCTypes.h">
      <Filter>Header Files</Filter>
    </ClInclude>
    <ClInclude Include="include\maf\messaging\client-server\ipc\LocalIPCClient.h">
      <Filter>Header Files</Filter>
    </ClInclude>
    <ClInclude Include="include\maf\messaging\client-server\ipc\LocalIPCServer.h">
      <Filter>Header Files</Filter>
    </ClInclude>
    <ClInclude Include="include\maf\messaging\client-server\ipc\LocalIPCServiceProxy.h">
      <Filter>Header Files</Filter>
    </ClInclude>
    <ClInclude Include="include\maf\messaging\client-server\ipc\LocalIPCServiceStub.h">
      <Filter>Header Files</Filter>
    </ClInclude>
    <ClInclude Include="include\maf\messaging\client-server\ipc\MessageValidator.h">
      <Filter>Header Files</Filter>
    </ClInclude>
    <ClInclude Include="include\maf\messaging\client-server\Address.h">
      <Filter>Header Files</Filter>
    </ClInclude>
    <ClInclude Include="include\maf\messaging\client-server\ClientBase.h">
      <Filter>Header Files</Filter>
    </ClInclude>
    <ClInclude Include="include\maf\messaging\client-server\ClientInterface.h">
      <Filter>Header Files</Filter>
    </ClInclude>
    <ClInclude Include="include\maf\messaging\client-server\ClientServerContract.h">
      <Filter>Header Files</Filter>
    </ClInclude>
    <ClInclude Include="include\maf\messaging\client-server\Connection.h">
      <Filter>Header Files</Filter>
    </ClInclude>
    <ClInclude Include="include\maf\messaging\client-server\CSContractBegin.mc.h">
      <Filter>Header Files</Filter>
    </ClInclude>
    <ClInclude Include="include\maf\messaging\client-server\CSContractDefines.mc.h">
      <Filter>Header Files</Filter>
    </ClInclude>
    <ClInclude Include="include\maf\messaging\client-server\CSContractEnd.mc.h">
      <Filter>Header Files</Filter>
    </ClInclude>
    <ClInclude Include="include\maf\messaging\client-server\CSDefines.h">
      <Filter>Header Files</Filter>
    </ClInclude>
    <ClInclude Include="include\maf\messaging\client-server\CSMessage.h">
      <Filter>Header Files</Filter>
    </ClInclude>
    <ClInclude Include="include\maf\messaging\client-server\CSMessageReceiver.h">
      <Filter>Header Files</Filter>
    </ClInclude>
    <ClInclude Include="include\maf\messaging\client-server\CSStatus.h">
      <Filter>Header Files</Filter>
    </ClInclude>
    <ClInclude Include="include\maf\messaging\client-server\CSTypes.h">
      <Filter>Header Files</Filter>
    </ClInclude>
    <ClInclude Include="include\maf\messaging\client-server\IAMessageRouter.h">
      <Filter>Header Files</Filter>
    </ClInclude>
    <ClInclude Include="include\maf\messaging\client-server\IAMessageTrait.h">
      <Filter>Header Files</Filter>
    </ClInclude>
    <ClInclude Include="include\maf\messaging\client-server\IAServiceProxy.h">
      <Filter>Header Files</Filter>
    </ClInclude>
    <ClInclude Include="include\maf\messaging\client-server\IAServiceStub.h">
      <Filter>Header Files</Filter>
    </ClInclude>
    <ClInclude Include="include\maf\messaging\client-server\QueueingServiceProxy.h">
      <Filter>Header Files</Filter>
    </ClInclude>
    <ClInclude Include="include\maf\messaging\client-server\QueueingServiceStub.h">
      <Filter>Header Files</Filter>
    </ClInclude>
    <ClInclude Include="include\maf\messaging\client-server\RegisterDataStructure.h">
      <Filter>Header Files</Filter>
    </ClInclude>
    <ClInclude Include="include\maf\messaging\client-server\RequestKeeper.h">
      <Filter>Header Files</Filter>
    </ClInclude>
    <ClInclude Include="include\maf\messaging\client-server\SCQServiceProxy.h">
      <Filter>Header Files</Filter>
    </ClInclude>
    <ClInclude Include="include\maf\messaging\client-server\ServerBase.h">
      <Filter>Header Files</Filter>
    </ClInclude>
    <ClInclude Include="include\maf\messaging\client-server\ServerInterface.h">
      <Filter>Header Files</Filter>
    </ClInclude>
    <ClInclude Include="include\maf\messaging\client-server\ServiceMessageReceiver.h">
      <Filter>Header Files</Filter>
    </ClInclude>
    <ClInclude Include="include\maf\messaging\client-server\ServiceProviderInterface.h">
      <Filter>Header Files</Filter>
    </ClInclude>
    <ClInclude Include="include\maf\messaging\client-server\ServiceProxyBase.h">
      <Filter>Header Files</Filter>
    </ClInclude>
    <ClInclude Include="include\maf\messaging\client-server\ServiceProxyInterface.h">
      <Filter>Header Files</Filter>
    </ClInclude>
    <ClInclude Include="include\maf\messaging\client-server\ServiceRequesterInterface.h">
      <Filter>Header Files</Filter>
    </ClInclude>
    <ClInclude Include="include\maf\messaging\client-server\ServiceStatusObserverInterface.h">
      <Filter>Header Files</Filter>
    </ClInclude>
    <ClInclude Include="include\maf\messaging\client-server\ServiceStubBase.h">
      <Filter>Header Files</Filter>
    </ClInclude>
    <ClInclude Include="include\maf\messaging\client-server\ServiceStubHandlerInterface.h">
      <Filter>Header Files</Filter>
    </ClInclude>
    <ClInclude Include="include\maf\messaging\client-server\ServiceStubInterface.h">
      <Filter>Header Files</Filter>
    </ClInclude>
    <ClInclude Include="include\maf\messaging\client-server\SSQServiceStub.h">
      <Filter>Header Files</Filter>
    </ClInclude>
    <ClInclude Include="include\maf\messaging\BasicMessages.h">
      <Filter>Header Files</Filter>
    </ClInclude>
    <ClInclude Include="include\maf\messaging\Communicator.h">
      <Filter>Header Files</Filter>
    </ClInclude>
    <ClInclude Include="include\maf\messaging\Component.h">
      <Filter>Header Files</Filter>
    </ClInclude>
    <ClInclude Include="include\maf\messaging\IPCServer.h">
      <Filter>Header Files</Filter>
    </ClInclude>
    <ClInclude Include="include\maf\messaging\MessageBase.h">
      <Filter>Header Files</Filter>
    </ClInclude>
    <ClInclude Include="include\maf\messaging\MessageHandler.h">
      <Filter>Header Files</Filter>
    </ClInclude>
    <ClInclude Include="include\maf\messaging\MessageQueue.h">
      <Filter>Header Files</Filter>
    </ClInclude>
    <ClInclude Include="include\maf\messaging\Timer.h">
      <Filter>Header Files</Filter>
    </ClInclude>
    <ClInclude Include="include\maf\patterns\Patterns.h">
      <Filter>Header Files</Filter>
    </ClInclude>
    <ClInclude Include="include\maf\threading\internal\DynamicCountThreadPool.h">
      <Filter>Header Files</Filter>
    </ClInclude>
    <ClInclude Include="include\maf\threading\internal\PriorityThreadPool.h">
      <Filter>Header Files</Filter>
    </ClInclude>
    <ClInclude Include="include\maf\threading\internal\StableThreadPool.h">
      <Filter>Header Files</Filter>
    </ClInclude>
    <ClInclude Include="include\maf\threading\internal\ThreadPoolImplBase.h">
      <Filter>Header Files</Filter>
    </ClInclude>
    <ClInclude Include="include\maf\threading\internal\TimerManagerImpl.h">
      <Filter>Header Files</Filter>
    </ClInclude>
    <ClInclude Include="include\maf\threading\IThreadPool.h">
      <Filter>Header Files</Filter>
    </ClInclude>
    <ClInclude Include="include\maf\threading\Queue.h">
      <Filter>Header Files</Filter>
    </ClInclude>
    <ClInclude Include="include\maf\threading\Runnable.h">
      <Filter>Header Files</Filter>
    </ClInclude>
    <ClInclude Include="include\maf\threading\Signal.h">
      <Filter>Header Files</Filter>
    </ClInclude>
    <ClInclude Include="include\maf\threading\Thread.h">
      <Filter>Header Files</Filter>
    </ClInclude>
    <ClInclude Include="include\maf\threading\ThreadJoiner.h">
      <Filter>Header Files</Filter>
    </ClInclude>
    <ClInclude Include="include\maf\threading\ThreadPoolFactory.h">
      <Filter>Header Files</Filter>
    </ClInclude>
    <ClInclude Include="include\maf\threading\ThreadSafeQueue.h">
      <Filter>Header Files</Filter>
    </ClInclude>
    <ClInclude Include="include\maf\threading\TimerManager.h">
      <Filter>Header Files</Filter>
    </ClInclude>
    <ClInclude Include="include\maf\threading\Waiter.h">
      <Filter>Header Files</Filter>
    </ClInclude>
    <ClInclude Include="include\maf\utils\cppextension\Loop.mc.h">
      <Filter>Header Files</Filter>
    </ClInclude>
    <ClInclude Include="include\maf\utils\cppextension\SyncObject.h">
      <Filter>Header Files</Filter>
    </ClInclude>
    <ClInclude Include="include\maf\utils\cppextension\maf.mc.h">
      <Filter>Header Files</Filter>
    </ClInclude>
    <ClInclude Include="include\maf\utils\cppextension\TupleManip.h">
      <Filter>Header Files</Filter>
    </ClInclude>
    <ClInclude Include="include\maf\utils\cppextension\TypeTraits.h">
      <Filter>Header Files</Filter>
    </ClInclude>
    <ClInclude Include="include\maf\utils\debugging\Debug.h">
      <Filter>Header Files</Filter>
    </ClInclude>
    <ClInclude Include="include\maf\utils\serialization\ByteArray.h">
      <Filter>Header Files</Filter>
    </ClInclude>
    <ClInclude Include="include\maf\utils\serialization\DumpHelper.h">
      <Filter>Header Files</Filter>
    </ClInclude>
    <ClInclude Include="include\maf\utils\serialization\SerializableInterface.h">
      <Filter>Header Files</Filter>
    </ClInclude>
    <ClInclude Include="include\maf\utils\serialization\SerializableObject.h">
      <Filter>Header Files</Filter>
    </ClInclude>
    <ClInclude Include="include\maf\utils\serialization\SerializableObject.mc.h">
      <Filter>Header Files</Filter>
    </ClInclude>
    <ClInclude Include="include\maf\utils\serialization\SerializationTrait.h">
      <Filter>Header Files</Filter>
    </ClInclude>
    <ClInclude Include="include\maf\utils\serialization\Serializer.h">
      <Filter>Header Files</Filter>
    </ClInclude>
    <ClInclude Include="include\maf\utils\IDManager.h">
      <Filter>Header Files</Filter>
    </ClInclude>
    <ClInclude Include="include\maf\utils\TimeMeasurement.h">
      <Filter>Header Files</Filter>
    </ClInclude>
  </ItemGroup>
</Project>